// !$*UTF8*$!
{
	archiveVersion = 1;
	classes = {
	};
	objectVersion = 46;
	objects = {

/* Begin PBXBuildFile section */
		24EB1D09110806D212423DE9 /* GlassScreens.swift in Sources */ = {isa = PBXBuildFile; fileRef = AAA57398F4D772B95A521FCE /* GlassScreens.swift */; };
		70D7B24BC9A5E1AFD2152051 /* Foundation.framework in Frameworks */ = {isa = PBXBuildFile; fileRef = 0B6F917686C898A9887C7571 /* Foundation.framework */; };
		B160271DE735CFD451D90479 /* GlassProofApp.swift in Sources */ = {isa = PBXBuildFile; fileRef = E7B2CF8942EB56E1F17FB631 /* GlassProofApp.swift */; };
		EC70B4FF6EBA714ACFFA5F1E /* GlassUITests.swift in Sources */ = {isa = PBXBuildFile; fileRef = AEFB5191010684ED9FE62C89 /* GlassUITests.swift */; };
		F3ECF328B20EFB2E01A30E2A /* Foundation.framework in Frameworks */ = {isa = PBXBuildFile; fileRef = 0B6F917686C898A9887C7571 /* Foundation.framework */; };
/* End PBXBuildFile section */

/* Begin PBXContainerItemProxy section */
		46634A35A29B507C043AD399 /* PBXContainerItemProxy */ = {
			isa = PBXContainerItemProxy;
			containerPortal = 3687001B6DB5AB8E9F134C2E /* Project object */;
			proxyType = 1;
			remoteGlobalIDString = A67A9065AC7EB62C396273F3;
			remoteInfo = GlassProofApp;
		};
/* End PBXContainerItemProxy section */

/* Begin PBXFileReference section */
		0B6F917686C898A9887C7571 /* Foundation.framework */ = {isa = PBXFileReference; lastKnownFileType = wrapper.framework; name = Foundation.framework; path = Platforms/iPhoneOS.platform/Developer/SDKs/iPhoneOS18.0.sdk/System/Library/Frameworks/Foundation.framework; sourceTree = DEVELOPER_DIR; };
		AAA57398F4D772B95A521FCE /* GlassScreens.swift */ = {isa = PBXFileReference; includeInIndex = 1; lastKnownFileType = sourcecode.swift; name = GlassScreens.swift; path = ./Sources/App/GlassScreens.swift; sourceTree = "<group>"; };
		AEFB5191010684ED9FE62C89 /* GlassUITests.swift */ = {isa = PBXFileReference; includeInIndex = 1; lastKnownFileType = sourcecode.swift; name = GlassUITests.swift; path = ./Sources/UITests/GlassUITests.swift; sourceTree = "<group>"; };
		B3D1364619B8A5D655F7D942 /* GlassProofApp.app */ = {isa = PBXFileReference; explicitFileType = wrapper.application; includeInIndex = 0; path = GlassProofApp.app; sourceTree = BUILT_PRODUCTS_DIR; };
		BEB67BECC080DFE2B4422A28 /* GlassProofUITests.xctest */ = {isa = PBXFileReference; explicitFileType = wrapper.cfbundle; includeInIndex = 0; path = GlassProofUITests.xctest; sourceTree = BUILT_PRODUCTS_DIR; };
		E7B2CF8942EB56E1F17FB631 /* GlassProofApp.swift */ = {isa = PBXFileReference; includeInIndex = 1; lastKnownFileType = sourcecode.swift; name = GlassProofApp.swift; path = ./Sources/App/GlassProofApp.swift; sourceTree = "<group>"; };
/* End PBXFileReference section */

/* Begin PBXFrameworksBuildPhase section */
		25B07640AE30FD0120B71579 /* Frameworks */ = {
			isa = PBXFrameworksBuildPhase;
			buildActionMask = 2147483647;
			files = (
				70D7B24BC9A5E1AFD2152051 /* Foundation.framework in Frameworks */,
			);
			runOnlyForDeploymentPostprocessing = 0;
		};
		FB7892A78EB30180E263EE99 /* Frameworks */ = {
			isa = PBXFrameworksBuildPhase;
			buildActionMask = 2147483647;
			files = (
				F3ECF328B20EFB2E01A30E2A /* Foundation.framework in Frameworks */,
			);
			runOnlyForDeploymentPostprocessing = 0;
		};
/* End PBXFrameworksBuildPhase section */

/* Begin PBXGroup section */
		04C52F79EA623BC2EEC596D5 /* Products */ = {
			isa = PBXGroup;
			children = (
				B3D1364619B8A5D655F7D942 /* GlassProofApp.app */,
				BEB67BECC080DFE2B4422A28 /* GlassProofUITests.xctest */,
			);
			name = Products;
			sourceTree = "<group>";
		};
		0F29B8670F4C34BAD5BDCED0 /* UITests */ = {
			isa = PBXGroup;
			children = (
				AEFB5191010684ED9FE62C89 /* GlassUITests.swift */,
			);
			name = UITests;
			sourceTree = "<group>";
		};
		55704B430B76E138A3D8E8B5 /* iOS */ = {
			isa = PBXGroup;
			children = (
				0B6F917686C898A9887C7571 /* Foundation.framework */,
			);
			name = iOS;
			sourceTree = "<group>";
		};
		B0C8B8131D3B37C8F2BF1DB4 = {
			isa = PBXGroup;
			children = (
				04C52F79EA623BC2EEC596D5 /* Products */,
				BA58E4D868A373583AB3C15F /* Frameworks */,
				D12CED5309912E5A6DC71936 /* App */,
				0F29B8670F4C34BAD5BDCED0 /* UITests */,
			);
			sourceTree = "<group>";
		};
		BA58E4D868A373583AB3C15F /* Frameworks */ = {
			isa = PBXGroup;
			children = (
				55704B430B76E138A3D8E8B5 /* iOS */,
			);
			name = Frameworks;
			sourceTree = "<group>";
		};
		D12CED5309912E5A6DC71936 /* App */ = {
			isa = PBXGroup;
			children = (
				E7B2CF8942EB56E1F17FB631 /* GlassProofApp.swift */,
				AAA57398F4D772B95A521FCE /* GlassScreens.swift */,
			);
			name = App;
			sourceTree = "<group>";
		};
/* End PBXGroup section */

/* Begin PBXNativeTarget section */
		4209ACC53339DE401CEB6F2A /* GlassProofUITests */ = {
			isa = PBXNativeTarget;
			buildConfigurationList = 560073ECEEF912B4A38BED02 /* Build configuration list for PBXNativeTarget "GlassProofUITests" */;
			buildPhases = (
				9982F318F6EAADBEEE91CCB1 /* Sources */,
				FB7892A78EB30180E263EE99 /* Frameworks */,
				42C92EAEB62D995B629A151A /* Resources */,
			);
			buildRules = (
			);
			dependencies = (
				741E5C4BDD2D2BA9544C3BE2 /* PBXTargetDependency */,
			);
			name = GlassProofUITests;
			productName = GlassProofUITests;
			productReference = BEB67BECC080DFE2B4422A28 /* GlassProofUITests.xctest */;
			productType = "com.apple.product-type.bundle.ui-testing";
		};
		A67A9065AC7EB62C396273F3 /* GlassProofApp */ = {
			isa = PBXNativeTarget;
			buildConfigurationList = C64DDB2FC0558A5E509AE70C /* Build configuration list for PBXNativeTarget "GlassProofApp" */;
			buildPhases = (
				E1F4155A76D56AFA55CCE5EA /* Sources */,
				25B07640AE30FD0120B71579 /* Frameworks */,
				F782A0DE6208E764F32480F4 /* Resources */,
			);
			buildRules = (
			);
			dependencies = (
			);
			name = GlassProofApp;
			productName = GlassProofApp;
			productReference = B3D1364619B8A5D655F7D942 /* GlassProofApp.app */;
			productType = "com.apple.product-type.application";
		};
/* End PBXNativeTarget section */

/* Begin PBXProject section */
		3687001B6DB5AB8E9F134C2E /* Project object */ = {
			isa = PBXProject;
			attributes = {
				LastSwiftUpdateCheck = 1600;
				LastUpgradeCheck = 1600;
			};
			buildConfigurationList = F7AC1C0EEFD8C32D8758D6E3 /* Build configuration list for PBXProject "GlassProof" */;
			compatibilityVersion = "Xcode 3.2";
			developmentRegion = en;
			hasScannedForEncodings = 0;
			knownRegions = (
				en,
				Base,
			);
			mainGroup = B0C8B8131D3B37C8F2BF1DB4;
			minimizedProjectReferenceProxies = 0;
			preferredProjectObjectVersion = 77;
			productRefGroup = 04C52F79EA623BC2EEC596D5 /* Products */;
			projectDirPath = "";
			projectRoot = "";
			targets = (
				A67A9065AC7EB62C396273F3 /* GlassProofApp */,
				4209ACC53339DE401CEB6F2A /* GlassProofUITests */,
			);
		};
/* End PBXProject section */

/* Begin PBXResourcesBuildPhase section */
		42C92EAEB62D995B629A151A /* Resources */ = {
			isa = PBXResourcesBuildPhase;
			buildActionMask = 2147483647;
			files = (
			);
			runOnlyForDeploymentPostprocessing = 0;
		};
		F782A0DE6208E764F32480F4 /* Resources */ = {
			isa = PBXResourcesBuildPhase;
			buildActionMask = 2147483647;
			files = (
			);
			runOnlyForDeploymentPostprocessing = 0;
		};
/* End PBXResourcesBuildPhase section */

/* Begin PBXSourcesBuildPhase section */
		9982F318F6EAADBEEE91CCB1 /* Sources */ = {
			isa = PBXSourcesBuildPhase;
			buildActionMask = 2147483647;
			files = (
				EC70B4FF6EBA714ACFFA5F1E /* GlassUITests.swift in Sources */,
			);
			runOnlyForDeploymentPostprocessing = 0;
		};
		E1F4155A76D56AFA55CCE5EA /* Sources */ = {
			isa = PBXSourcesBuildPhase;
			buildActionMask = 2147483647;
			files = (
				B160271DE735CFD451D90479 /* GlassProofApp.swift in Sources */,
				24EB1D09110806D212423DE9 /* GlassScreens.swift in Sources */,
			);
			runOnlyForDeploymentPostprocessing = 0;
		};
/* End PBXSourcesBuildPhase section */

/* Begin PBXTargetDependency section */
		741E5C4BDD2D2BA9544C3BE2 /* PBXTargetDependency */ = {
			isa = PBXTargetDependency;
			name = GlassProofApp;
			target = A67A9065AC7EB62C396273F3 /* GlassProofApp */;
			targetProxy = 46634A35A29B507C043AD399 /* PBXContainerItemProxy */;
		};
/* End PBXTargetDependency section */

/* Begin XCBuildConfiguration section */
		12EC6043DA57236FB399E2E4 /* Debug */ = {
			isa = XCBuildConfiguration;
			buildSettings = {
				CLANG_ENABLE_OBJC_WEAK = NO;
				CODE_SIGNING_ALLOWED = NO;
				CODE_SIGNING_REQUIRED = NO;
				GENERATE_INFOPLIST_FILE = YES;
				IPHONEOS_DEPLOYMENT_TARGET = 17.0;
				PRODUCT_BUNDLE_IDENTIFIER = com.example.GlassProofUITests;
				SDKROOT = iphoneos;
				SWIFT_VERSION = 5.0;
				TARGETED_DEVICE_FAMILY = "1,2";
				TEST_TARGET_NAME = GlassProofApp;
			};
			name = Debug;
		};
		35BA7B5395B707B870AFD52D /* Release */ = {
			isa = XCBuildConfiguration;
			buildSettings = {
				ALWAYS_SEARCH_USER_PATHS = NO;
				CLANG_ANALYZER_NONNULL = YES;
				CLANG_ANALYZER_NUMBER_OBJECT_CONVERSION = YES_AGGRESSIVE;
				CLANG_CXX_LANGUAGE_STANDARD = "gnu++14";
				CLANG_CXX_LIBRARY = "libc++";
				CLANG_ENABLE_MODULES = YES;
				CLANG_ENABLE_OBJC_ARC = YES;
				CLANG_ENABLE_OBJC_WEAK = YES;
				CLANG_WARN_BLOCK_CAPTURE_AUTORELEASING = YES;
				CLANG_WARN_BOOL_CONVERSION = YES;
				CLANG_WARN_COMMA = YES;
				CLANG_WARN_CONSTANT_CONVERSION = YES;
				CLANG_WARN_DEPRECATED_OBJC_IMPLEMENTATIONS = YES;
				CLANG_WARN_DIRECT_OBJC_ISA_USAGE = YES_ERROR;
				CLANG_WARN_DOCUMENTATION_COMMENTS = YES;
				CLANG_WARN_EMPTY_BODY = YES;
				CLANG_WARN_ENUM_CONVERSION = YES;
				CLANG_WARN_INFINITE_RECURSION = YES;
				CLANG_WARN_INT_CONVERSION = YES;
				CLANG_WARN_NON_LITERAL_NULL_CONVERSION = YES;
				CLANG_WARN_OBJC_IMPLICIT_RETAIN_SELF = YES;
				CLANG_WARN_OBJC_LITERAL_CONVERSION = YES;
				CLANG_WARN_OBJC_ROOT_CLASS = YES_ERROR;
				CLANG_WARN_QUOTED_INCLUDE_IN_FRAMEWORK_HEADER = YES;
				CLANG_WARN_RANGE_LOOP_ANALYSIS = YES;
				CLANG_WARN_STRICT_PROTOTYPES = YES;
				CLANG_WARN_SUSPICIOUS_MOVE = YES;
				CLANG_WARN_UNGUARDED_AVAILABILITY = YES_AGGRESSIVE;
				CLANG_WARN_UNREACHABLE_CODE = YES;
				CLANG_WARN__DUPLICATE_METHOD_MATCH = YES;
				COPY_PHASE_STRIP = NO;
				DEBUG_INFORMATION_FORMAT = "dwarf-with-dsym";
				ENABLE_NS_ASSERTIONS = NO;
				ENABLE_STRICT_OBJC_MSGSEND = YES;
				GCC_C_LANGUAGE_STANDARD = gnu11;
				GCC_NO_COMMON_BLOCKS = YES;
				GCC_WARN_64_TO_32_BIT_CONVERSION = YES;
				GCC_WARN_ABOUT_RETURN_TYPE = YES_ERROR;
				GCC_WARN_UNDECLARED_SELECTOR = YES;
				GCC_WARN_UNINITIALIZED_AUTOS = YES_AGGRESSIVE;
				GCC_WARN_UNUSED_FUNCTION = YES;
				GCC_WARN_UNUSED_VARIABLE = YES;
				MTL_ENABLE_DEBUG_INFO = NO;
				MTL_FAST_MATH = YES;
				PRODUCT_NAME = "$(TARGET_NAME)";
				SWIFT_COMPILATION_MODE = wholemodule;
				SWIFT_OPTIMIZATION_LEVEL = "-O";
				SWIFT_VERSION = 5.0;
			};
			name = Release;
		};
		7BC29693AB1121D77FD3FD4B /* Debug */ = {
			isa = XCBuildConfiguration;
			buildSettings = {
				ALWAYS_SEARCH_USER_PATHS = NO;
				CLANG_ANALYZER_NONNULL = YES;
				CLANG_ANALYZER_NUMBER_OBJECT_CONVERSION = YES_AGGRESSIVE;
				CLANG_CXX_LANGUAGE_STANDARD = "gnu++14";
				CLANG_CXX_LIBRARY = "libc++";
				CLANG_ENABLE_MODULES = YES;
				CLANG_ENABLE_OBJC_ARC = YES;
				CLANG_ENABLE_OBJC_WEAK = YES;
				CLANG_WARN_BLOCK_CAPTURE_AUTORELEASING = YES;
				CLANG_WARN_BOOL_CONVERSION = YES;
				CLANG_WARN_COMMA = YES;
				CLANG_WARN_CONSTANT_CONVERSION = YES;
				CLANG_WARN_DEPRECATED_OBJC_IMPLEMENTATIONS = YES;
				CLANG_WARN_DIRECT_OBJC_ISA_USAGE = YES_ERROR;
				CLANG_WARN_DOCUMENTATION_COMMENTS = YES;
				CLANG_WARN_EMPTY_BODY = YES;
				CLANG_WARN_ENUM_CONVERSION = YES;
				CLANG_WARN_INFINITE_RECURSION = YES;
				CLANG_WARN_INT_CONVERSION = YES;
				CLANG_WARN_NON_LITERAL_NULL_CONVERSION = YES;
				CLANG_WARN_OBJC_IMPLICIT_RETAIN_SELF = YES;
				CLANG_WARN_OBJC_LITERAL_CONVERSION = YES;
				CLANG_WARN_OBJC_ROOT_CLASS = YES_ERROR;
				CLANG_WARN_QUOTED_INCLUDE_IN_FRAMEWORK_HEADER = YES;
				CLANG_WARN_RANGE_LOOP_ANALYSIS = YES;
				CLANG_WARN_STRICT_PROTOTYPES = YES;
				CLANG_WARN_SUSPICIOUS_MOVE = YES;
				CLANG_WARN_UNGUARDED_AVAILABILITY = YES_AGGRESSIVE;
				CLANG_WARN_UNREACHABLE_CODE = YES;
				CLANG_WARN__DUPLICATE_METHOD_MATCH = YES;
				COPY_PHASE_STRIP = NO;
				DEBUG_INFORMATION_FORMAT = dwarf;
				ENABLE_STRICT_OBJC_MSGSEND = YES;
				ENABLE_TESTABILITY = YES;
				GCC_C_LANGUAGE_STANDARD = gnu11;
				GCC_DYNAMIC_NO_PIC = NO;
				GCC_NO_COMMON_BLOCKS = YES;
				GCC_OPTIMIZATION_LEVEL = 0;
				GCC_PREPROCESSOR_DEFINITIONS = (
					"DEBUG=1",
					"$(inherited)",
				);
				GCC_WARN_64_TO_32_BIT_CONVERSION = YES;
				GCC_WARN_ABOUT_RETURN_TYPE = YES_ERROR;
				GCC_WARN_UNDECLARED_SELECTOR = YES;
				GCC_WARN_UNINITIALIZED_AUTOS = YES_AGGRESSIVE;
				GCC_WARN_UNUSED_FUNCTION = YES;
				GCC_WARN_UNUSED_VARIABLE = YES;
				MTL_ENABLE_DEBUG_INFO = INCLUDE_SOURCE;
				MTL_FAST_MATH = YES;
				ONLY_ACTIVE_ARCH = YES;
				PRODUCT_NAME = "$(TARGET_NAME)";
				SWIFT_ACTIVE_COMPILATION_CONDITIONS = DEBUG;
				SWIFT_OPTIMIZATION_LEVEL = "-Onone";
				SWIFT_VERSION = 5.0;
			};
			name = Debug;
		};
		AA71A7B4F6740BDF923A2155 /* Release */ = {
			isa = XCBuildConfiguration;
			buildSettings = {
				CLANG_ENABLE_OBJC_WEAK = NO;
				CODE_SIGNING_ALLOWED = NO;
				CODE_SIGNING_REQUIRED = NO;
				GENERATE_INFOPLIST_FILE = YES;
				IPHONEOS_DEPLOYMENT_TARGET = 17.0;
				PRODUCT_BUNDLE_IDENTIFIER = com.example.GlassProofUITests;
				SDKROOT = iphoneos;
				SWIFT_VERSION = 5.0;
				TARGETED_DEVICE_FAMILY = "1,2";
				TEST_TARGET_NAME = GlassProofApp;
				VALIDATE_PRODUCT = YES;
			};
			name = Release;
		};
		B37694CF88E7C99895EF1ADC /* Release */ = {
			isa = XCBuildConfiguration;
			buildSettings = {
				ASSETCATALOG_COMPILER_APPICON_NAME = AppIcon;
				ASSETCATALOG_COMPILER_GLOBAL_ACCENT_COLOR_NAME = AccentColor;
				CLANG_ENABLE_OBJC_WEAK = NO;
				CODE_SIGNING_ALLOWED = NO;
				CODE_SIGNING_REQUIRED = NO;
				GENERATE_INFOPLIST_FILE = YES;
				INFOPLIST_KEY_UIApplicationSceneManifest_Generation = YES;
				INFOPLIST_KEY_UIApplicationSupportsIndirectInputEvents = YES;
				INFOPLIST_KEY_UILaunchScreen_Generation = YES;
				IPHONEOS_DEPLOYMENT_TARGET = 17.0;
				LD_RUNPATH_SEARCH_PATHS = "$(inherited) @executable_path/Frameworks";
				PRODUCT_BUNDLE_IDENTIFIER = com.example.GlassProofApp;
				SDKROOT = iphoneos;
				SWIFT_VERSION = 5.0;
				TARGETED_DEVICE_FAMILY = "1,2";
				VALIDATE_PRODUCT = YES;
			};
			name = Release;
		};
		C8002204C51F6701C4A55F81 /* Debug */ = {
			isa = XCBuildConfiguration;
			buildSettings = {
				ASSETCATALOG_COMPILER_APPICON_NAME = AppIcon;
				ASSETCATALOG_COMPILER_GLOBAL_ACCENT_COLOR_NAME = AccentColor;
				CLANG_ENABLE_OBJC_WEAK = NO;
				CODE_SIGNING_ALLOWED = NO;
				CODE_SIGNING_REQUIRED = NO;
				GENERATE_INFOPLIST_FILE = YES;
				INFOPLIST_KEY_UIApplicationSceneManifest_Generation = YES;
				INFOPLIST_KEY_UIApplicationSupportsIndirectInputEvents = YES;
				INFOPLIST_KEY_UILaunchScreen_Generation = YES;
				IPHONEOS_DEPLOYMENT_TARGET = 17.0;
				LD_RUNPATH_SEARCH_PATHS = "$(inherited) @executable_path/Frameworks";
				PRODUCT_BUNDLE_IDENTIFIER = com.example.GlassProofApp;
				SDKROOT = iphoneos;
				SWIFT_VERSION = 5.0;
				TARGETED_DEVICE_FAMILY = "1,2";
			};
			name = Debug;
		};
/* End XCBuildConfiguration section */

/* Begin XCConfigurationList section */
		560073ECEEF912B4A38BED02 /* Build configuration list for PBXNativeTarget "GlassProofUITests" */ = {
			isa = XCConfigurationList;
			buildConfigurations = (
				AA71A7B4F6740BDF923A2155 /* Release */,
				12EC6043DA57236FB399E2E4 /* Debug */,
			);
			defaultConfigurationIsVisible = 0;
			defaultConfigurationName = Release;
		};
		C64DDB2FC0558A5E509AE70C /* Build configuration list for PBXNativeTarget "GlassProofApp" */ = {
			isa = XCConfigurationList;
			buildConfigurations = (
				B37694CF88E7C99895EF1ADC /* Release */,
				C8002204C51F6701C4A55F81 /* Debug */,
			);
			defaultConfigurationIsVisible = 0;
			defaultConfigurationName = Release;
		};
		F7AC1C0EEFD8C32D8758D6E3 /* Build configuration list for PBXProject "GlassProof" */ = {
			isa = XCConfigurationList;
			buildConfigurations = (
				7BC29693AB1121D77FD3FD4B /* Debug */,
				35BA7B5395B707B870AFD52D /* Release */,
			);
			defaultConfigurationIsVisible = 0;
			defaultConfigurationName = Release;
		};
/* End XCConfigurationList section */
	};
	rootObject = 3687001B6DB5AB8E9F134C2E /* Project object */;
}
